
Microsoft Visual Studio Solution File, Format Version 12.00
# Visual Studio Version 16
VisualStudioVersion = 16.0.29609.76
MinimumVisualStudioVersion = 10.0.40219.1
Project("{FAE04EC0-301F-11D3-BF4B-00C04F79EFBC}") = "MTC Timecode for Companion", "MTC Timecode for Companion.csproj", "{007D9747-2AB5-45CE-BF57-1D4C4725E6D1}"
EndProject
Global
	GlobalSection(SolutionConfigurationPlatforms) = preSolution
		Debug|Any CPU = Debug|Any CPU
		Release|Any CPU = Release|Any CPU
	EndGlobalSection
	GlobalSection(ProjectConfigurationPlatforms) = postSolution
		{007D9747-2AB5-45CE-BF57-1D4C4725E6D1}.Debug|Any CPU.ActiveCfg = Debug|Any CPU
		{007D9747-2AB5-45CE-BF57-1D4C4725E6D1}.Debug|Any CPU.Build.0 = Debug|Any CPU
		{007D9747-2AB5-45CE-BF57-1D4C4725E6D1}.Release|Any CPU.ActiveCfg = Release|Any CPU
		{007D9747-2AB5-45CE-BF57-1D4C4725E6D1}.Release|Any CPU.Build.0 = Release|Any CPU
	EndGlobalSection
	GlobalSection(SolutionProperties) = preSolution
		HideSolutionNode = FALSE
	EndGlobalSection
	GlobalSection(ExtensibilityGlobals) = postSolution
		SolutionGuid = {6CBF5B64-8454-44BC-87C8-B4AF492722EB}
	EndGlobalSection
EndGlobal
